{
  "version": 4,
  "terraform_version": "1.8.4",
  "serial": 90,
  "lineage": "81bd9526-71d9-74b4-f4b5-c2f902e1f7f3",
  "outputs": {},
  "resources": [
    {
      "mode": "managed",
      "type": "google_project_iam_custom_role",
      "name": "my_custom_role",
      "provider": "provider[\"registry.terraform.io/hashicorp/google\"]",
      "instances": [
        {
          "schema_version": 0,
          "attributes": {
            "deleted": false,
            "description": "A custom role for managing resources",
            "id": "projects/wired-cogency-426104-a5/roles/myCustomRole_dev",
            "name": "projects/wired-cogency-426104-a5/roles/myCustomRole_dev",
            "permissions": [
              "iam.roles.list",
              "resourcemanager.projects.get",
              "storage.buckets.list"
            ],
            "project": "wired-cogency-426104-a5",
            "role_id": "myCustomRole_dev",
            "stage": "GA",
            "title": "My Custom Role"
          },
          "sensitive_attributes": [],
          "private": "bnVsbA=="
        }
      ]
    },
    {
      "mode": "managed",
      "type": "google_project_iam_member",
      "name": "my_iam_user",
      "provider": "provider[\"registry.terraform.io/hashicorp/google\"]",
      "instances": [
        {
          "schema_version": 0,
          "attributes": {
            "condition": [],
            "etag": "BwYbER8xhNo=",
            "id": "wired-cogency-426104-a5/projects/wired-cogency-426104-a5/roles/myCustomRole_dev/user:mehulmovadiya7@gmail.com",
            "member": "user:mehulmovadiya7@gmail.com",
            "project": "wired-cogency-426104-a5",
            "role": "projects/wired-cogency-426104-a5/roles/myCustomRole_dev"
          },
          "sensitive_attributes": [],
          "private": "bnVsbA==",
          "dependencies": [
            "google_project_iam_custom_role.my_custom_role"
          ]
        }
      ]
    }
  ],
  "check_results": null
}
